// !$*UTF8*$!
{
	archiveVersion = 1;
	classes = {
	};
	objectVersion = 50;
	objects = {

/* Begin PBXBuildFile section */
		09062A5A23954E3500C1A89E /* NewsModel.swift in Sources */ = {isa = PBXBuildFile; fileRef = 09C9992E2394177E009A8B26 /* NewsModel.swift */; };
		091CF8C3239BC6A6001AA07F /* ButtonTableViewCell.swift in Sources */ = {isa = PBXBuildFile; fileRef = 091CF8C2239BC6A6001AA07F /* ButtonTableViewCell.swift */; };
		091CF8C5239BE0C8001AA07F /* WebViewController.swift in Sources */ = {isa = PBXBuildFile; fileRef = 091CF8C4239BE0C8001AA07F /* WebViewController.swift */; };
		091CF8C9239BE629001AA07F /* WebPresenter.swift in Sources */ = {isa = PBXBuildFile; fileRef = 091CF8C8239BE629001AA07F /* WebPresenter.swift */; };
		09351E57239EEEEA00C8F6DB /* AdapterTest.swift in Sources */ = {isa = PBXBuildFile; fileRef = 09351E56239EEEEA00C8F6DB /* AdapterTest.swift */; };
		09351E59239EF40100C8F6DB /* NewsPresenterTest.swift in Sources */ = {isa = PBXBuildFile; fileRef = 09351E58239EF40100C8F6DB /* NewsPresenterTest.swift */; };
		09351E5B239EFD9400C8F6DB /* DetailPresenterTest.swift in Sources */ = {isa = PBXBuildFile; fileRef = 09351E5A239EFD9400C8F6DB /* DetailPresenterTest.swift */; };
		09351E5E239F02EF00C8F6DB /* NotePresenterTest.swift in Sources */ = {isa = PBXBuildFile; fileRef = 09351E5D239F02EF00C8F6DB /* NotePresenterTest.swift */; };
		0957D23823990BF60073EE70 /* NotePresenter.swift in Sources */ = {isa = PBXBuildFile; fileRef = 0957D23723990BF60073EE70 /* NotePresenter.swift */; };
		0957D23C23990D0D0073EE70 /* CoreDataManager.swift in Sources */ = {isa = PBXBuildFile; fileRef = 0957D23B23990D0D0073EE70 /* CoreDataManager.swift */; };
		0957D23E239912EB0073EE70 /* CoreDataStack.swift in Sources */ = {isa = PBXBuildFile; fileRef = 0957D23D239912EB0073EE70 /* CoreDataStack.swift */; };
		0957D24223992F290073EE70 /* MOArticle.swift in Sources */ = {isa = PBXBuildFile; fileRef = 0957D24123992F290073EE70 /* MOArticle.swift */; };
		0957D2452399331A0073EE70 /* SimpleModel.swift in Sources */ = {isa = PBXBuildFile; fileRef = 0957D2442399331A0073EE70 /* SimpleModel.swift */; };
		0957D248239980960073EE70 /* NoteViewController.swift in Sources */ = {isa = PBXBuildFile; fileRef = 0957D247239980960073EE70 /* NoteViewController.swift */; };
		0957D24A239980B50073EE70 /* NoteTableViewCell.swift in Sources */ = {isa = PBXBuildFile; fileRef = 0957D249239980B50073EE70 /* NoteTableViewCell.swift */; };
		0972612223A016D2003F9293 /* ImageWebServiceTest.swift in Sources */ = {isa = PBXBuildFile; fileRef = 0972612123A016D2003F9293 /* ImageWebServiceTest.swift */; };
		09948F21239EE65900678E27 /* NewsPresenter.swift in Sources */ = {isa = PBXBuildFile; fileRef = 09C999322394180F009A8B26 /* NewsPresenter.swift */; };
		09948F22239EE65D00678E27 /* NewsViewController.swift in Sources */ = {isa = PBXBuildFile; fileRef = 09B0710923941669000E80E7 /* NewsViewController.swift */; };
		09948F23239EE66100678E27 /* NewsTableViewCell.swift in Sources */ = {isa = PBXBuildFile; fileRef = 09C9993823941E5A009A8B26 /* NewsTableViewCell.swift */; };
		09948F24239EE66600678E27 /* CoreDataManager.swift in Sources */ = {isa = PBXBuildFile; fileRef = 0957D23B23990D0D0073EE70 /* CoreDataManager.swift */; };
		09948F25239EE67200678E27 /* NetworkManager.swift in Sources */ = {isa = PBXBuildFile; fileRef = 09BB5D432396723000C9DF48 /* NetworkManager.swift */; };
		09948F26239EE68C00678E27 /* Endpoint.swift in Sources */ = {isa = PBXBuildFile; fileRef = 09BB5D37239597AF00C9DF48 /* Endpoint.swift */; };
		09948F27239EE69200678E27 /* SimpleModel.swift in Sources */ = {isa = PBXBuildFile; fileRef = 0957D2442399331A0073EE70 /* SimpleModel.swift */; };
		09948F28239EE69D00678E27 /* NetworkService.swift in Sources */ = {isa = PBXBuildFile; fileRef = 09BB5D392395B3A500C9DF48 /* NetworkService.swift */; };
		09948F29239EE6AE00678E27 /* NetworkConnectionService.swift in Sources */ = {isa = PBXBuildFile; fileRef = 09BB5D33239596E500C9DF48 /* NetworkConnectionService.swift */; };
		09948F2A239EE6B600678E27 /* Adapter.swift in Sources */ = {isa = PBXBuildFile; fileRef = 09BFDCDE239A644900719F0E /* Adapter.swift */; };
		09948F2B239EE6BF00678E27 /* CoreDataStack.swift in Sources */ = {isa = PBXBuildFile; fileRef = 0957D23D239912EB0073EE70 /* CoreDataStack.swift */; };
		09948F2C239EE6CA00678E27 /* ModuleAssembler.swift in Sources */ = {isa = PBXBuildFile; fileRef = 09C9994023953A70009A8B26 /* ModuleAssembler.swift */; };
		09948F2D239EE6D500678E27 /* DetailViewController.swift in Sources */ = {isa = PBXBuildFile; fileRef = 09BB5D4B2397B3B000C9DF48 /* DetailViewController.swift */; };
		09948F2E239EE6DD00678E27 /* NewsApi.swift in Sources */ = {isa = PBXBuildFile; fileRef = 09BB5D3F2395B54900C9DF48 /* NewsApi.swift */; };
		09948F2F239EE6E800678E27 /* NoteViewController.swift in Sources */ = {isa = PBXBuildFile; fileRef = 0957D247239980960073EE70 /* NoteViewController.swift */; };
		09948F30239EE6F000678E27 /* NotePresenter.swift in Sources */ = {isa = PBXBuildFile; fileRef = 0957D23723990BF60073EE70 /* NotePresenter.swift */; };
		09948F31239EE6F600678E27 /* WebViewController.swift in Sources */ = {isa = PBXBuildFile; fileRef = 091CF8C4239BE0C8001AA07F /* WebViewController.swift */; };
		09948F32239EE6FB00678E27 /* WebPresenter.swift in Sources */ = {isa = PBXBuildFile; fileRef = 091CF8C8239BE629001AA07F /* WebPresenter.swift */; };
		09948F33239EE70100678E27 /* MOArticle.swift in Sources */ = {isa = PBXBuildFile; fileRef = 0957D24123992F290073EE70 /* MOArticle.swift */; };
		09948F34239EE71E00678E27 /* ImageWebService.swift in Sources */ = {isa = PBXBuildFile; fileRef = 09BFDCDC239A5C8A00719F0E /* ImageWebService.swift */; };
		09948F35239EE72200678E27 /* NewsParser.swift in Sources */ = {isa = PBXBuildFile; fileRef = 09BB5D452396D30200C9DF48 /* NewsParser.swift */; };
		09948F36239EE73600678E27 /* NoteTableViewCell.swift in Sources */ = {isa = PBXBuildFile; fileRef = 0957D249239980B50073EE70 /* NoteTableViewCell.swift */; };
		09948F37239EE73F00678E27 /* DescriptionTableViewCell.swift in Sources */ = {isa = PBXBuildFile; fileRef = 09BB5D502397B51500C9DF48 /* DescriptionTableViewCell.swift */; };
		09948F38239EE74200678E27 /* ImageTableViewCell.swift in Sources */ = {isa = PBXBuildFile; fileRef = 09BB5D4E2397B4E400C9DF48 /* ImageTableViewCell.swift */; };
		09948F39239EE74400678E27 /* ButtonTableViewCell.swift in Sources */ = {isa = PBXBuildFile; fileRef = 091CF8C2239BC6A6001AA07F /* ButtonTableViewCell.swift */; };
		09948F3A239EE74B00678E27 /* DetailPresenter.swift in Sources */ = {isa = PBXBuildFile; fileRef = 09BB5D482397B0E800C9DF48 /* DetailPresenter.swift */; };
		09948F3D239EEB3F00678E27 /* Assets.xcassets in Resources */ = {isa = PBXBuildFile; fileRef = 09B071112394166A000E80E7 /* Assets.xcassets */; };
		09B0710823941669000E80E7 /* AppDelegate.swift in Sources */ = {isa = PBXBuildFile; fileRef = 09B0710723941669000E80E7 /* AppDelegate.swift */; };
		09B0710A23941669000E80E7 /* NewsViewController.swift in Sources */ = {isa = PBXBuildFile; fileRef = 09B0710923941669000E80E7 /* NewsViewController.swift */; };
		09B0711023941669000E80E7 /* Model.xcdatamodeld in Sources */ = {isa = PBXBuildFile; fileRef = 09B0710E23941669000E80E7 /* Model.xcdatamodeld */; };
		09B071122394166A000E80E7 /* Assets.xcassets in Resources */ = {isa = PBXBuildFile; fileRef = 09B071112394166A000E80E7 /* Assets.xcassets */; };
		09B071152394166A000E80E7 /* LaunchScreen.storyboard in Resources */ = {isa = PBXBuildFile; fileRef = 09B071132394166A000E80E7 /* LaunchScreen.storyboard */; };
		09BB5D34239596E500C9DF48 /* NetworkConnectionService.swift in Sources */ = {isa = PBXBuildFile; fileRef = 09BB5D33239596E500C9DF48 /* NetworkConnectionService.swift */; };
		09BB5D38239597AF00C9DF48 /* Endpoint.swift in Sources */ = {isa = PBXBuildFile; fileRef = 09BB5D37239597AF00C9DF48 /* Endpoint.swift */; };
		09BB5D3A2395B3A500C9DF48 /* NetworkService.swift in Sources */ = {isa = PBXBuildFile; fileRef = 09BB5D392395B3A500C9DF48 /* NetworkService.swift */; };
		09BB5D402395B54900C9DF48 /* NewsApi.swift in Sources */ = {isa = PBXBuildFile; fileRef = 09BB5D3F2395B54900C9DF48 /* NewsApi.swift */; };
		09BB5D442396723000C9DF48 /* NetworkManager.swift in Sources */ = {isa = PBXBuildFile; fileRef = 09BB5D432396723000C9DF48 /* NetworkManager.swift */; };
		09BB5D462396D30200C9DF48 /* NewsParser.swift in Sources */ = {isa = PBXBuildFile; fileRef = 09BB5D452396D30200C9DF48 /* NewsParser.swift */; };
		09BB5D492397B0E800C9DF48 /* DetailPresenter.swift in Sources */ = {isa = PBXBuildFile; fileRef = 09BB5D482397B0E800C9DF48 /* DetailPresenter.swift */; };
		09BB5D4C2397B3B000C9DF48 /* DetailViewController.swift in Sources */ = {isa = PBXBuildFile; fileRef = 09BB5D4B2397B3B000C9DF48 /* DetailViewController.swift */; };
		09BB5D4F2397B4E400C9DF48 /* ImageTableViewCell.swift in Sources */ = {isa = PBXBuildFile; fileRef = 09BB5D4E2397B4E400C9DF48 /* ImageTableViewCell.swift */; };
		09BB5D512397B51500C9DF48 /* DescriptionTableViewCell.swift in Sources */ = {isa = PBXBuildFile; fileRef = 09BB5D502397B51500C9DF48 /* DescriptionTableViewCell.swift */; };
		09BFDCDD239A5C8A00719F0E /* ImageWebService.swift in Sources */ = {isa = PBXBuildFile; fileRef = 09BFDCDC239A5C8A00719F0E /* ImageWebService.swift */; };
		09BFDCDF239A644900719F0E /* Adapter.swift in Sources */ = {isa = PBXBuildFile; fileRef = 09BFDCDE239A644900719F0E /* Adapter.swift */; };
		09C9992F2394177E009A8B26 /* NewsModel.swift in Sources */ = {isa = PBXBuildFile; fileRef = 09C9992E2394177E009A8B26 /* NewsModel.swift */; };
		09C999332394180F009A8B26 /* NewsPresenter.swift in Sources */ = {isa = PBXBuildFile; fileRef = 09C999322394180F009A8B26 /* NewsPresenter.swift */; };
		09C9993923941E5A009A8B26 /* NewsTableViewCell.swift in Sources */ = {isa = PBXBuildFile; fileRef = 09C9993823941E5A009A8B26 /* NewsTableViewCell.swift */; };
		09C9994123953A70009A8B26 /* ModuleAssembler.swift in Sources */ = {isa = PBXBuildFile; fileRef = 09C9994023953A70009A8B26 /* ModuleAssembler.swift */; };
/* End PBXBuildFile section */

/* Begin PBXContainerItemProxy section */
		09B0711C2394166A000E80E7 /* PBXContainerItemProxy */ = {
			isa = PBXContainerItemProxy;
			containerPortal = 09B070FC23941669000E80E7 /* Project object */;
			proxyType = 1;
			remoteGlobalIDString = 09B0710323941669000E80E7;
			remoteInfo = TopNews;
		};
/* End PBXContainerItemProxy section */

/* Begin PBXFileReference section */
		091CF8C2239BC6A6001AA07F /* ButtonTableViewCell.swift */ = {isa = PBXFileReference; lastKnownFileType = sourcecode.swift; path = ButtonTableViewCell.swift; sourceTree = "<group>"; };
		091CF8C4239BE0C8001AA07F /* WebViewController.swift */ = {isa = PBXFileReference; lastKnownFileType = sourcecode.swift; path = WebViewController.swift; sourceTree = "<group>"; };
		091CF8C8239BE629001AA07F /* WebPresenter.swift */ = {isa = PBXFileReference; lastKnownFileType = sourcecode.swift; path = WebPresenter.swift; sourceTree = "<group>"; };
		09351E56239EEEEA00C8F6DB /* AdapterTest.swift */ = {isa = PBXFileReference; lastKnownFileType = sourcecode.swift; path = AdapterTest.swift; sourceTree = "<group>"; };
		09351E58239EF40100C8F6DB /* NewsPresenterTest.swift */ = {isa = PBXFileReference; fileEncoding = 4; lastKnownFileType = sourcecode.swift; path = NewsPresenterTest.swift; sourceTree = "<group>"; };
		09351E5A239EFD9400C8F6DB /* DetailPresenterTest.swift */ = {isa = PBXFileReference; lastKnownFileType = sourcecode.swift; path = DetailPresenterTest.swift; sourceTree = "<group>"; };
		09351E5D239F02EF00C8F6DB /* NotePresenterTest.swift */ = {isa = PBXFileReference; lastKnownFileType = sourcecode.swift; path = NotePresenterTest.swift; sourceTree = "<group>"; };
		0957D23723990BF60073EE70 /* NotePresenter.swift */ = {isa = PBXFileReference; lastKnownFileType = sourcecode.swift; path = NotePresenter.swift; sourceTree = "<group>"; };
		0957D23B23990D0D0073EE70 /* CoreDataManager.swift */ = {isa = PBXFileReference; lastKnownFileType = sourcecode.swift; path = CoreDataManager.swift; sourceTree = "<group>"; };
		0957D23D239912EB0073EE70 /* CoreDataStack.swift */ = {isa = PBXFileReference; lastKnownFileType = sourcecode.swift; path = CoreDataStack.swift; sourceTree = "<group>"; };
		0957D24123992F290073EE70 /* MOArticle.swift */ = {isa = PBXFileReference; lastKnownFileType = sourcecode.swift; path = MOArticle.swift; sourceTree = "<group>"; };
		0957D2442399331A0073EE70 /* SimpleModel.swift */ = {isa = PBXFileReference; lastKnownFileType = sourcecode.swift; path = SimpleModel.swift; sourceTree = "<group>"; };
		0957D247239980960073EE70 /* NoteViewController.swift */ = {isa = PBXFileReference; lastKnownFileType = sourcecode.swift; path = NoteViewController.swift; sourceTree = "<group>"; };
		0957D249239980B50073EE70 /* NoteTableViewCell.swift */ = {isa = PBXFileReference; lastKnownFileType = sourcecode.swift; path = NoteTableViewCell.swift; sourceTree = "<group>"; };
		0972612123A016D2003F9293 /* ImageWebServiceTest.swift */ = {isa = PBXFileReference; lastKnownFileType = sourcecode.swift; path = ImageWebServiceTest.swift; sourceTree = "<group>"; };
		09B0710423941669000E80E7 /* TopNews.app */ = {isa = PBXFileReference; explicitFileType = wrapper.application; includeInIndex = 0; path = TopNews.app; sourceTree = BUILT_PRODUCTS_DIR; };
		09B0710723941669000E80E7 /* AppDelegate.swift */ = {isa = PBXFileReference; lastKnownFileType = sourcecode.swift; path = AppDelegate.swift; sourceTree = "<group>"; };
		09B0710923941669000E80E7 /* NewsViewController.swift */ = {isa = PBXFileReference; lastKnownFileType = sourcecode.swift; path = NewsViewController.swift; sourceTree = "<group>"; };
		09B0710F23941669000E80E7 /* TopNews.xcdatamodel */ = {isa = PBXFileReference; lastKnownFileType = wrapper.xcdatamodel; path = TopNews.xcdatamodel; sourceTree = "<group>"; };
		09B071112394166A000E80E7 /* Assets.xcassets */ = {isa = PBXFileReference; lastKnownFileType = folder.assetcatalog; path = Assets.xcassets; sourceTree = "<group>"; };
		09B071142394166A000E80E7 /* Base */ = {isa = PBXFileReference; lastKnownFileType = file.storyboard; name = Base; path = Base.lproj/LaunchScreen.storyboard; sourceTree = "<group>"; };
		09B071162394166A000E80E7 /* Info.plist */ = {isa = PBXFileReference; lastKnownFileType = text.plist.xml; path = Info.plist; sourceTree = "<group>"; };
		09B0711B2394166A000E80E7 /* TopNewsTests.xctest */ = {isa = PBXFileReference; explicitFileType = wrapper.cfbundle; includeInIndex = 0; path = TopNewsTests.xctest; sourceTree = BUILT_PRODUCTS_DIR; };
		09B071212394166A000E80E7 /* Info.plist */ = {isa = PBXFileReference; lastKnownFileType = text.plist.xml; path = Info.plist; sourceTree = "<group>"; };
		09BB5D33239596E500C9DF48 /* NetworkConnectionService.swift */ = {isa = PBXFileReference; lastKnownFileType = sourcecode.swift; path = NetworkConnectionService.swift; sourceTree = "<group>"; };
		09BB5D37239597AF00C9DF48 /* Endpoint.swift */ = {isa = PBXFileReference; lastKnownFileType = sourcecode.swift; path = Endpoint.swift; sourceTree = "<group>"; };
		09BB5D392395B3A500C9DF48 /* NetworkService.swift */ = {isa = PBXFileReference; lastKnownFileType = sourcecode.swift; path = NetworkService.swift; sourceTree = "<group>"; };
		09BB5D3F2395B54900C9DF48 /* NewsApi.swift */ = {isa = PBXFileReference; lastKnownFileType = sourcecode.swift; path = NewsApi.swift; sourceTree = "<group>"; };
		09BB5D432396723000C9DF48 /* NetworkManager.swift */ = {isa = PBXFileReference; lastKnownFileType = sourcecode.swift; path = NetworkManager.swift; sourceTree = "<group>"; };
		09BB5D452396D30200C9DF48 /* NewsParser.swift */ = {isa = PBXFileReference; lastKnownFileType = sourcecode.swift; path = NewsParser.swift; sourceTree = "<group>"; };
		09BB5D482397B0E800C9DF48 /* DetailPresenter.swift */ = {isa = PBXFileReference; lastKnownFileType = sourcecode.swift; path = DetailPresenter.swift; sourceTree = "<group>"; };
		09BB5D4B2397B3B000C9DF48 /* DetailViewController.swift */ = {isa = PBXFileReference; lastKnownFileType = sourcecode.swift; path = DetailViewController.swift; sourceTree = "<group>"; };
		09BB5D4E2397B4E400C9DF48 /* ImageTableViewCell.swift */ = {isa = PBXFileReference; lastKnownFileType = sourcecode.swift; path = ImageTableViewCell.swift; sourceTree = "<group>"; };
		09BB5D502397B51500C9DF48 /* DescriptionTableViewCell.swift */ = {isa = PBXFileReference; lastKnownFileType = sourcecode.swift; path = DescriptionTableViewCell.swift; sourceTree = "<group>"; };
		09BFDCDC239A5C8A00719F0E /* ImageWebService.swift */ = {isa = PBXFileReference; lastKnownFileType = sourcecode.swift; path = ImageWebService.swift; sourceTree = "<group>"; };
		09BFDCDE239A644900719F0E /* Adapter.swift */ = {isa = PBXFileReference; lastKnownFileType = sourcecode.swift; path = Adapter.swift; sourceTree = "<group>"; };
		09C9992E2394177E009A8B26 /* NewsModel.swift */ = {isa = PBXFileReference; lastKnownFileType = sourcecode.swift; path = NewsModel.swift; sourceTree = "<group>"; };
		09C999322394180F009A8B26 /* NewsPresenter.swift */ = {isa = PBXFileReference; lastKnownFileType = sourcecode.swift; path = NewsPresenter.swift; sourceTree = "<group>"; };
		09C9993823941E5A009A8B26 /* NewsTableViewCell.swift */ = {isa = PBXFileReference; lastKnownFileType = sourcecode.swift; path = NewsTableViewCell.swift; sourceTree = "<group>"; };
		09C9994023953A70009A8B26 /* ModuleAssembler.swift */ = {isa = PBXFileReference; lastKnownFileType = sourcecode.swift; path = ModuleAssembler.swift; sourceTree = "<group>"; };
/* End PBXFileReference section */

/* Begin PBXFrameworksBuildPhase section */
		09B0710123941669000E80E7 /* Frameworks */ = {
			isa = PBXFrameworksBuildPhase;
			buildActionMask = 2147483647;
			files = (
			);
			runOnlyForDeploymentPostprocessing = 0;
		};
		09B071182394166A000E80E7 /* Frameworks */ = {
			isa = PBXFrameworksBuildPhase;
			buildActionMask = 2147483647;
			files = (
			);
			runOnlyForDeploymentPostprocessing = 0;
		};
/* End PBXFrameworksBuildPhase section */

/* Begin PBXGroup section */
		091CF8C6239BE5FF001AA07F /* WebModule */ = {
			isa = PBXGroup;
			children = (
				091CF8C7239BE615001AA07F /* View */,
				091CF8CA239BE636001AA07F /* Presenter */,
			);
			path = WebModule;
			sourceTree = "<group>";
		};
		091CF8C7239BE615001AA07F /* View */ = {
			isa = PBXGroup;
			children = (
				091CF8C4239BE0C8001AA07F /* WebViewController.swift */,
			);
			path = View;
			sourceTree = "<group>";
		};
		091CF8CA239BE636001AA07F /* Presenter */ = {
			isa = PBXGroup;
			children = (
				091CF8C8239BE629001AA07F /* WebPresenter.swift */,
			);
			name = Presenter;
			path = View;
			sourceTree = "<group>";
		};
		09351E5C239F02C200C8F6DB /* View */ = {
			isa = PBXGroup;
			children = (
				0957D247239980960073EE70 /* NoteViewController.swift */,
				0957D249239980B50073EE70 /* NoteTableViewCell.swift */,
			);
			path = View;
			sourceTree = "<group>";
		};
		0957D23923990CE60073EE70 /* Services */ = {
			isa = PBXGroup;
			children = (
				0957D23A23990CF70073EE70 /* CoreData */,
				09BB5D322395962500C9DF48 /* Networking */,
				09BFDCDE239A644900719F0E /* Adapter.swift */,
			);
			path = Services;
			sourceTree = "<group>";
		};
		0957D23A23990CF70073EE70 /* CoreData */ = {
			isa = PBXGroup;
			children = (
				0957D23B23990D0D0073EE70 /* CoreDataManager.swift */,
				09BFDCDB239A5C4300719F0E /* Model */,
				0957D23D239912EB0073EE70 /* CoreDataStack.swift */,
			);
			path = CoreData;
			sourceTree = "<group>";
		};
		0957D2432399330A0073EE70 /* Model */ = {
			isa = PBXGroup;
			children = (
				0957D2442399331A0073EE70 /* SimpleModel.swift */,
			);
			path = Model;
			sourceTree = "<group>";
		};
		0957D246239980600073EE70 /* Presenter */ = {
			isa = PBXGroup;
			children = (
				0957D23723990BF60073EE70 /* NotePresenter.swift */,
			);
			path = Presenter;
			sourceTree = "<group>";
		};
		09B070FB23941669000E80E7 = {
			isa = PBXGroup;
			children = (
				09B0710623941669000E80E7 /* TopNews */,
				09B0711E2394166A000E80E7 /* TopNewsTests */,
				09B0710523941669000E80E7 /* Products */,
			);
			sourceTree = "<group>";
		};
		09B0710523941669000E80E7 /* Products */ = {
			isa = PBXGroup;
			children = (
				09B0710423941669000E80E7 /* TopNews.app */,
				09B0711B2394166A000E80E7 /* TopNewsTests.xctest */,
			);
			name = Products;
			sourceTree = "<group>";
		};
		09B0710623941669000E80E7 /* TopNews */ = {
			isa = PBXGroup;
			children = (
				09B0710723941669000E80E7 /* AppDelegate.swift */,
				0957D2432399330A0073EE70 /* Model */,
				09C9993F23953A25009A8B26 /* ModuleAssembler */,
				09C99931239417E3009A8B26 /* NewsModule */,
				09BB5D472397B0C500C9DF48 /* DetailModule */,
				091CF8C6239BE5FF001AA07F /* WebModule */,
				09BB5D352395976000C9DF48 /* NoteModule */,
				0957D23923990CE60073EE70 /* Services */,
				09B071112394166A000E80E7 /* Assets.xcassets */,
				09B071132394166A000E80E7 /* LaunchScreen.storyboard */,
				09B071162394166A000E80E7 /* Info.plist */,
				09B0710E23941669000E80E7 /* Model.xcdatamodeld */,
			);
			path = TopNews;
			sourceTree = "<group>";
		};
		09B0711E2394166A000E80E7 /* TopNewsTests */ = {
			isa = PBXGroup;
			children = (
				09B071212394166A000E80E7 /* Info.plist */,
				09351E58239EF40100C8F6DB /* NewsPresenterTest.swift */,
				09351E5A239EFD9400C8F6DB /* DetailPresenterTest.swift */,
				09351E5D239F02EF00C8F6DB /* NotePresenterTest.swift */,
				0972612123A016D2003F9293 /* ImageWebServiceTest.swift */,
				09351E56239EEEEA00C8F6DB /* AdapterTest.swift */,
			);
			path = TopNewsTests;
			sourceTree = "<group>";
		};
		09BB5D322395962500C9DF48 /* Networking */ = {
			isa = PBXGroup;
			children = (
				09C99930239417AB009A8B26 /* Model */,
				09BB5D432396723000C9DF48 /* NetworkManager.swift */,
				09BB5D3F2395B54900C9DF48 /* NewsApi.swift */,
				09BB5D37239597AF00C9DF48 /* Endpoint.swift */,
				09BB5D362395979D00C9DF48 /* Service */,
			);
			path = Networking;
			sourceTree = "<group>";
		};
		09BB5D352395976000C9DF48 /* NoteModule */ = {
			isa = PBXGroup;
			children = (
				09351E5C239F02C200C8F6DB /* View */,
				0957D246239980600073EE70 /* Presenter */,
			);
			path = NoteModule;
			sourceTree = "<group>";
		};
		09BB5D362395979D00C9DF48 /* Service */ = {
			isa = PBXGroup;
			children = (
				09BB5D33239596E500C9DF48 /* NetworkConnectionService.swift */,
				09BB5D392395B3A500C9DF48 /* NetworkService.swift */,
				09BB5D452396D30200C9DF48 /* NewsParser.swift */,
				09BFDCDC239A5C8A00719F0E /* ImageWebService.swift */,
			);
			path = Service;
			sourceTree = "<group>";
		};
		09BB5D472397B0C500C9DF48 /* DetailModule */ = {
			isa = PBXGroup;
			children = (
				09BB5D4D2397B3BF00C9DF48 /* View */,
				09BB5D4A2397B38D00C9DF48 /* Presenter */,
			);
			path = DetailModule;
			sourceTree = "<group>";
		};
		09BB5D4A2397B38D00C9DF48 /* Presenter */ = {
			isa = PBXGroup;
			children = (
				09BB5D482397B0E800C9DF48 /* DetailPresenter.swift */,
			);
			path = Presenter;
			sourceTree = "<group>";
		};
		09BB5D4D2397B3BF00C9DF48 /* View */ = {
			isa = PBXGroup;
			children = (
				09BB5D4B2397B3B000C9DF48 /* DetailViewController.swift */,
				09BB5D4E2397B4E400C9DF48 /* ImageTableViewCell.swift */,
				09BB5D502397B51500C9DF48 /* DescriptionTableViewCell.swift */,
				091CF8C2239BC6A6001AA07F /* ButtonTableViewCell.swift */,
			);
			path = View;
			sourceTree = "<group>";
		};
		09BFDCDB239A5C4300719F0E /* Model */ = {
			isa = PBXGroup;
			children = (
				0957D24123992F290073EE70 /* MOArticle.swift */,
			);
			path = Model;
			sourceTree = "<group>";
		};
		09C99930239417AB009A8B26 /* Model */ = {
			isa = PBXGroup;
			children = (
				09C9992E2394177E009A8B26 /* NewsModel.swift */,
			);
			path = Model;
			sourceTree = "<group>";
		};
		09C99931239417E3009A8B26 /* NewsModule */ = {
			isa = PBXGroup;
			children = (
				09C9993D23942BDD009A8B26 /* View */,
				09C9993E23942BF7009A8B26 /* Presenter */,
			);
			path = NewsModule;
			sourceTree = "<group>";
		};
		09C9993D23942BDD009A8B26 /* View */ = {
			isa = PBXGroup;
			children = (
				09B0710923941669000E80E7 /* NewsViewController.swift */,
				09C9993823941E5A009A8B26 /* NewsTableViewCell.swift */,
			);
			path = View;
			sourceTree = "<group>";
		};
		09C9993E23942BF7009A8B26 /* Presenter */ = {
			isa = PBXGroup;
			children = (
				09C999322394180F009A8B26 /* NewsPresenter.swift */,
			);
			path = Presenter;
			sourceTree = "<group>";
		};
		09C9993F23953A25009A8B26 /* ModuleAssembler */ = {
			isa = PBXGroup;
			children = (
				09C9994023953A70009A8B26 /* ModuleAssembler.swift */,
			);
			path = ModuleAssembler;
			sourceTree = "<group>";
		};
/* End PBXGroup section */

/* Begin PBXNativeTarget section */
		09B0710323941669000E80E7 /* TopNews */ = {
			isa = PBXNativeTarget;
			buildConfigurationList = 09B071242394166A000E80E7 /* Build configuration list for PBXNativeTarget "TopNews" */;
			buildPhases = (
				09B0710023941669000E80E7 /* Sources */,
				09B0710123941669000E80E7 /* Frameworks */,
				09B0710223941669000E80E7 /* Resources */,
			);
			buildRules = (
			);
			dependencies = (
			);
			name = TopNews;
			productName = TopNews;
			productReference = 09B0710423941669000E80E7 /* TopNews.app */;
			productType = "com.apple.product-type.application";
		};
		09B0711A2394166A000E80E7 /* TopNewsTests */ = {
			isa = PBXNativeTarget;
			buildConfigurationList = 09B071272394166A000E80E7 /* Build configuration list for PBXNativeTarget "TopNewsTests" */;
			buildPhases = (
				09B071172394166A000E80E7 /* Sources */,
				09B071182394166A000E80E7 /* Frameworks */,
				09B071192394166A000E80E7 /* Resources */,
			);
			buildRules = (
			);
			dependencies = (
				09B0711D2394166A000E80E7 /* PBXTargetDependency */,
			);
			name = TopNewsTests;
			productName = TopNewsTests;
			productReference = 09B0711B2394166A000E80E7 /* TopNewsTests.xctest */;
			productType = "com.apple.product-type.bundle.unit-test";
		};
/* End PBXNativeTarget section */

/* Begin PBXProject section */
		09B070FC23941669000E80E7 /* Project object */ = {
			isa = PBXProject;
			attributes = {
				LastSwiftUpdateCheck = 1030;
				LastUpgradeCheck = 1030;
				ORGANIZATIONNAME = Onie;
				TargetAttributes = {
					09B0710323941669000E80E7 = {
						CreatedOnToolsVersion = 10.3;
					};
					09B0711A2394166A000E80E7 = {
						CreatedOnToolsVersion = 10.3;
						TestTargetID = 09B0710323941669000E80E7;
					};
				};
			};
			buildConfigurationList = 09B070FF23941669000E80E7 /* Build configuration list for PBXProject "TopNews" */;
			compatibilityVersion = "Xcode 9.3";
			developmentRegion = en;
			hasScannedForEncodings = 0;
			knownRegions = (
				en,
				Base,
			);
			mainGroup = 09B070FB23941669000E80E7;
			productRefGroup = 09B0710523941669000E80E7 /* Products */;
			projectDirPath = "";
			projectRoot = "";
			targets = (
				09B0710323941669000E80E7 /* TopNews */,
				09B0711A2394166A000E80E7 /* TopNewsTests */,
			);
		};
/* End PBXProject section */

/* Begin PBXResourcesBuildPhase section */
		09B0710223941669000E80E7 /* Resources */ = {
			isa = PBXResourcesBuildPhase;
			buildActionMask = 2147483647;
			files = (
				09B071152394166A000E80E7 /* LaunchScreen.storyboard in Resources */,
				09B071122394166A000E80E7 /* Assets.xcassets in Resources */,
			);
			runOnlyForDeploymentPostprocessing = 0;
		};
		09B071192394166A000E80E7 /* Resources */ = {
			isa = PBXResourcesBuildPhase;
			buildActionMask = 2147483647;
			files = (
				09948F3D239EEB3F00678E27 /* Assets.xcassets in Resources */,
			);
			runOnlyForDeploymentPostprocessing = 0;
		};
/* End PBXResourcesBuildPhase section */

/* Begin PBXSourcesBuildPhase section */
		09B0710023941669000E80E7 /* Sources */ = {
			isa = PBXSourcesBuildPhase;
			buildActionMask = 2147483647;
			files = (
				09BB5D4C2397B3B000C9DF48 /* DetailViewController.swift in Sources */,
				09C9992F2394177E009A8B26 /* NewsModel.swift in Sources */,
				09BB5D4F2397B4E400C9DF48 /* ImageTableViewCell.swift in Sources */,
				0957D23823990BF60073EE70 /* NotePresenter.swift in Sources */,
				09BB5D462396D30200C9DF48 /* NewsParser.swift in Sources */,
				0957D24223992F290073EE70 /* MOArticle.swift in Sources */,
				09BB5D38239597AF00C9DF48 /* Endpoint.swift in Sources */,
				09B0711023941669000E80E7 /* Model.xcdatamodeld in Sources */,
				09C9993923941E5A009A8B26 /* NewsTableViewCell.swift in Sources */,
				09BB5D3A2395B3A500C9DF48 /* NetworkService.swift in Sources */,
				09C9994123953A70009A8B26 /* ModuleAssembler.swift in Sources */,
				09C999332394180F009A8B26 /* NewsPresenter.swift in Sources */,
				0957D24A239980B50073EE70 /* NoteTableViewCell.swift in Sources */,
				09BB5D34239596E500C9DF48 /* NetworkConnectionService.swift in Sources */,
				09BB5D402395B54900C9DF48 /* NewsApi.swift in Sources */,
				09BB5D492397B0E800C9DF48 /* DetailPresenter.swift in Sources */,
				0957D248239980960073EE70 /* NoteViewController.swift in Sources */,
				0957D23E239912EB0073EE70 /* CoreDataStack.swift in Sources */,
				091CF8C3239BC6A6001AA07F /* ButtonTableViewCell.swift in Sources */,
				091CF8C5239BE0C8001AA07F /* WebViewController.swift in Sources */,
				09BFDCDF239A644900719F0E /* Adapter.swift in Sources */,
				09BB5D512397B51500C9DF48 /* DescriptionTableViewCell.swift in Sources */,
				09BB5D442396723000C9DF48 /* NetworkManager.swift in Sources */,
				091CF8C9239BE629001AA07F /* WebPresenter.swift in Sources */,
				09BFDCDD239A5C8A00719F0E /* ImageWebService.swift in Sources */,
				09B0710A23941669000E80E7 /* NewsViewController.swift in Sources */,
				0957D23C23990D0D0073EE70 /* CoreDataManager.swift in Sources */,
				09B0710823941669000E80E7 /* AppDelegate.swift in Sources */,
				0957D2452399331A0073EE70 /* SimpleModel.swift in Sources */,
			);
			runOnlyForDeploymentPostprocessing = 0;
		};
		09B071172394166A000E80E7 /* Sources */ = {
			isa = PBXSourcesBuildPhase;
			buildActionMask = 2147483647;
			files = (
				09351E5E239F02EF00C8F6DB /* NotePresenterTest.swift in Sources */,
				09948F2A239EE6B600678E27 /* Adapter.swift in Sources */,
				09351E57239EEEEA00C8F6DB /* AdapterTest.swift in Sources */,
				09948F28239EE69D00678E27 /* NetworkService.swift in Sources */,
				09948F31239EE6F600678E27 /* WebViewController.swift in Sources */,
				09948F27239EE69200678E27 /* SimpleModel.swift in Sources */,
				0972612223A016D2003F9293 /* ImageWebServiceTest.swift in Sources */,
				09948F30239EE6F000678E27 /* NotePresenter.swift in Sources */,
				09948F33239EE70100678E27 /* MOArticle.swift in Sources */,
				09948F2F239EE6E800678E27 /* NoteViewController.swift in Sources */,
				09948F26239EE68C00678E27 /* Endpoint.swift in Sources */,
				09948F29239EE6AE00678E27 /* NetworkConnectionService.swift in Sources */,
				09062A5A23954E3500C1A89E /* NewsModel.swift in Sources */,
				09351E5B239EFD9400C8F6DB /* DetailPresenterTest.swift in Sources */,
				09948F2D239EE6D500678E27 /* DetailViewController.swift in Sources */,
				09948F2B239EE6BF00678E27 /* CoreDataStack.swift in Sources */,
				09948F36239EE73600678E27 /* NoteTableViewCell.swift in Sources */,
				09948F35239EE72200678E27 /* NewsParser.swift in Sources */,
				09948F23239EE66100678E27 /* NewsTableViewCell.swift in Sources */,
				09948F2E239EE6DD00678E27 /* NewsApi.swift in Sources */,
				09948F3A239EE74B00678E27 /* DetailPresenter.swift in Sources */,
				09948F32239EE6FB00678E27 /* WebPresenter.swift in Sources */,
				09351E59239EF40100C8F6DB /* NewsPresenterTest.swift in Sources */,
				09948F39239EE74400678E27 /* ButtonTableViewCell.swift in Sources */,
				09948F25239EE67200678E27 /* NetworkManager.swift in Sources */,
				09948F37239EE73F00678E27 /* DescriptionTableViewCell.swift in Sources */,
				09948F38239EE74200678E27 /* ImageTableViewCell.swift in Sources */,
				09948F34239EE71E00678E27 /* ImageWebService.swift in Sources */,
				09948F22239EE65D00678E27 /* NewsViewController.swift in Sources */,
				09948F24239EE66600678E27 /* CoreDataManager.swift in Sources */,
				09948F21239EE65900678E27 /* NewsPresenter.swift in Sources */,
				09948F2C239EE6CA00678E27 /* ModuleAssembler.swift in Sources */,
			);
			runOnlyForDeploymentPostprocessing = 0;
		};
/* End PBXSourcesBuildPhase section */

/* Begin PBXTargetDependency section */
		09B0711D2394166A000E80E7 /* PBXTargetDependency */ = {
			isa = PBXTargetDependency;
			target = 09B0710323941669000E80E7 /* TopNews */;
			targetProxy = 09B0711C2394166A000E80E7 /* PBXContainerItemProxy */;
		};
/* End PBXTargetDependency section */

/* Begin PBXVariantGroup section */
		09B071132394166A000E80E7 /* LaunchScreen.storyboard */ = {
			isa = PBXVariantGroup;
			children = (
				09B071142394166A000E80E7 /* Base */,
			);
			name = LaunchScreen.storyboard;
			sourceTree = "<group>";
		};
/* End PBXVariantGroup section */

/* Begin XCBuildConfiguration section */
		09B071222394166A000E80E7 /* Debug */ = {
			isa = XCBuildConfiguration;
			buildSettings = {
				ALWAYS_SEARCH_USER_PATHS = NO;
				CLANG_ANALYZER_NONNULL = YES;
				CLANG_ANALYZER_NUMBER_OBJECT_CONVERSION = YES_AGGRESSIVE;
				CLANG_CXX_LANGUAGE_STANDARD = "gnu++14";
				CLANG_CXX_LIBRARY = "libc++";
				CLANG_ENABLE_MODULES = YES;
				CLANG_ENABLE_OBJC_ARC = YES;
				CLANG_ENABLE_OBJC_WEAK = YES;
				CLANG_WARN_BLOCK_CAPTURE_AUTORELEASING = YES;
				CLANG_WARN_BOOL_CONVERSION = YES;
				CLANG_WARN_COMMA = YES;
				CLANG_WARN_CONSTANT_CONVERSION = YES;
				CLANG_WARN_DEPRECATED_OBJC_IMPLEMENTATIONS = YES;
				CLANG_WARN_DIRECT_OBJC_ISA_USAGE = YES_ERROR;
				CLANG_WARN_DOCUMENTATION_COMMENTS = YES;
				CLANG_WARN_EMPTY_BODY = YES;
				CLANG_WARN_ENUM_CONVERSION = YES;
				CLANG_WARN_INFINITE_RECURSION = YES;
				CLANG_WARN_INT_CONVERSION = YES;
				CLANG_WARN_NON_LITERAL_NULL_CONVERSION = YES;
				CLANG_WARN_OBJC_IMPLICIT_RETAIN_SELF = YES;
				CLANG_WARN_OBJC_LITERAL_CONVERSION = YES;
				CLANG_WARN_OBJC_ROOT_CLASS = YES_ERROR;
				CLANG_WARN_RANGE_LOOP_ANALYSIS = YES;
				CLANG_WARN_STRICT_PROTOTYPES = YES;
				CLANG_WARN_SUSPICIOUS_MOVE = YES;
				CLANG_WARN_UNGUARDED_AVAILABILITY = YES_AGGRESSIVE;
				CLANG_WARN_UNREACHABLE_CODE = YES;
				CLANG_WARN__DUPLICATE_METHOD_MATCH = YES;
				CODE_SIGN_IDENTITY = "iPhone Developer";
				COPY_PHASE_STRIP = NO;
				DEBUG_INFORMATION_FORMAT = dwarf;
				ENABLE_STRICT_OBJC_MSGSEND = YES;
				ENABLE_TESTABILITY = YES;
				GCC_C_LANGUAGE_STANDARD = gnu11;
				GCC_DYNAMIC_NO_PIC = NO;
				GCC_NO_COMMON_BLOCKS = YES;
				GCC_OPTIMIZATION_LEVEL = 0;
				GCC_PREPROCESSOR_DEFINITIONS = (
					"DEBUG=1",
					"$(inherited)",
				);
				GCC_WARN_64_TO_32_BIT_CONVERSION = YES;
				GCC_WARN_ABOUT_RETURN_TYPE = YES_ERROR;
				GCC_WARN_UNDECLARED_SELECTOR = YES;
				GCC_WARN_UNINITIALIZED_AUTOS = YES_AGGRESSIVE;
				GCC_WARN_UNUSED_FUNCTION = YES;
				GCC_WARN_UNUSED_VARIABLE = YES;
				IPHONEOS_DEPLOYMENT_TARGET = 12.4;
				MTL_ENABLE_DEBUG_INFO = INCLUDE_SOURCE;
				MTL_FAST_MATH = YES;
				ONLY_ACTIVE_ARCH = YES;
				SDKROOT = iphoneos;
				SWIFT_ACTIVE_COMPILATION_CONDITIONS = DEBUG;
				SWIFT_OPTIMIZATION_LEVEL = "-Onone";
			};
			name = Debug;
		};
		09B071232394166A000E80E7 /* Release */ = {
			isa = XCBuildConfiguration;
			buildSettings = {
				ALWAYS_SEARCH_USER_PATHS = NO;
				CLANG_ANALYZER_NONNULL = YES;
				CLANG_ANALYZER_NUMBER_OBJECT_CONVERSION = YES_AGGRESSIVE;
				CLANG_CXX_LANGUAGE_STANDARD = "gnu++14";
				CLANG_CXX_LIBRARY = "libc++";
				CLANG_ENABLE_MODULES = YES;
				CLANG_ENABLE_OBJC_ARC = YES;
				CLANG_ENABLE_OBJC_WEAK = YES;
				CLANG_WARN_BLOCK_CAPTURE_AUTORELEASING = YES;
				CLANG_WARN_BOOL_CONVERSION = YES;
				CLANG_WARN_COMMA = YES;
				CLANG_WARN_CONSTANT_CONVERSION = YES;
				CLANG_WARN_DEPRECATED_OBJC_IMPLEMENTATIONS = YES;
				CLANG_WARN_DIRECT_OBJC_ISA_USAGE = YES_ERROR;
				CLANG_WARN_DOCUMENTATION_COMMENTS = YES;
				CLANG_WARN_EMPTY_BODY = YES;
				CLANG_WARN_ENUM_CONVERSION = YES;
				CLANG_WARN_INFINITE_RECURSION = YES;
				CLANG_WARN_INT_CONVERSION = YES;
				CLANG_WARN_NON_LITERAL_NULL_CONVERSION = YES;
				CLANG_WARN_OBJC_IMPLICIT_RETAIN_SELF = YES;
				CLANG_WARN_OBJC_LITERAL_CONVERSION = YES;
				CLANG_WARN_OBJC_ROOT_CLASS = YES_ERROR;
				CLANG_WARN_RANGE_LOOP_ANALYSIS = YES;
				CLANG_WARN_STRICT_PROTOTYPES = YES;
				CLANG_WARN_SUSPICIOUS_MOVE = YES;
				CLANG_WARN_UNGUARDED_AVAILABILITY = YES_AGGRESSIVE;
				CLANG_WARN_UNREACHABLE_CODE = YES;
				CLANG_WARN__DUPLICATE_METHOD_MATCH = YES;
				CODE_SIGN_IDENTITY = "iPhone Developer";
				COPY_PHASE_STRIP = NO;
				DEBUG_INFORMATION_FORMAT = "dwarf-with-dsym";
				ENABLE_NS_ASSERTIONS = NO;
				ENABLE_STRICT_OBJC_MSGSEND = YES;
				GCC_C_LANGUAGE_STANDARD = gnu11;
				GCC_NO_COMMON_BLOCKS = YES;
				GCC_WARN_64_TO_32_BIT_CONVERSION = YES;
				GCC_WARN_ABOUT_RETURN_TYPE = YES_ERROR;
				GCC_WARN_UNDECLARED_SELECTOR = YES;
				GCC_WARN_UNINITIALIZED_AUTOS = YES_AGGRESSIVE;
				GCC_WARN_UNUSED_FUNCTION = YES;
				GCC_WARN_UNUSED_VARIABLE = YES;
				IPHONEOS_DEPLOYMENT_TARGET = 12.4;
				MTL_ENABLE_DEBUG_INFO = NO;
				MTL_FAST_MATH = YES;
				SDKROOT = iphoneos;
				SWIFT_COMPILATION_MODE = wholemodule;
				SWIFT_OPTIMIZATION_LEVEL = "-O";
				VALIDATE_PRODUCT = YES;
			};
			name = Release;
		};
		09B071252394166A000E80E7 /* Debug */ = {
			isa = XCBuildConfiguration;
			buildSettings = {
				ASSETCATALOG_COMPILER_APPICON_NAME = AppIcon;
				CODE_SIGN_STYLE = Automatic;
				DEVELOPMENT_TEAM = YZ7WPJDTA7;
				INFOPLIST_FILE = TopNews/Info.plist;
				LD_RUNPATH_SEARCH_PATHS = (
					"$(inherited)",
					"@executable_path/Frameworks",
				);
				PRODUCT_BUNDLE_IDENTIFIER = ru.onie.TopNews;
				PRODUCT_NAME = "$(TARGET_NAME)";
				SWIFT_VERSION = 5.0;
				TARGETED_DEVICE_FAMILY = "1,2";
			};
			name = Debug;
		};
		09B071262394166A000E80E7 /* Release */ = {
			isa = XCBuildConfiguration;
			buildSettings = {
				ASSETCATALOG_COMPILER_APPICON_NAME = AppIcon;
				CODE_SIGN_STYLE = Automatic;
				DEVELOPMENT_TEAM = YZ7WPJDTA7;
				INFOPLIST_FILE = TopNews/Info.plist;
				LD_RUNPATH_SEARCH_PATHS = (
					"$(inherited)",
					"@executable_path/Frameworks",
				);
				PRODUCT_BUNDLE_IDENTIFIER = ru.onie.TopNews;
				PRODUCT_NAME = "$(TARGET_NAME)";
				SWIFT_VERSION = 5.0;
				TARGETED_DEVICE_FAMILY = "1,2";
			};
			name = Release;
		};
		09B071282394166A000E80E7 /* Debug */ = {
			isa = XCBuildConfiguration;
			buildSettings = {
				ALWAYS_EMBED_SWIFT_STANDARD_LIBRARIES = YES;
				BUNDLE_LOADER = "$(TEST_HOST)";
				CODE_SIGN_STYLE = Automatic;
				DEVELOPMENT_TEAM = YZ7WPJDTA7;
				INFOPLIST_FILE = TopNewsTests/Info.plist;
				LD_RUNPATH_SEARCH_PATHS = (
					"$(inherited)",
					"@executable_path/Frameworks",
					"@loader_path/Frameworks",
				);
				PRODUCT_BUNDLE_IDENTIFIER = ru.onie.TopNewsTests;
				PRODUCT_NAME = "$(TARGET_NAME)";
				SWIFT_VERSION = 5.0;
				TARGETED_DEVICE_FAMILY = "1,2";
				TEST_HOST = "$(BUILT_PRODUCTS_DIR)/TopNews.app/TopNews";
			};
			name = Debug;
		};
		09B071292394166A000E80E7 /* Release */ = {
			isa = XCBuildConfiguration;
			buildSettings = {
				ALWAYS_EMBED_SWIFT_STANDARD_LIBRARIES = YES;
				BUNDLE_LOADER = "$(TEST_HOST)";
				CODE_SIGN_STYLE = Automatic;
				DEVELOPMENT_TEAM = YZ7WPJDTA7;
				INFOPLIST_FILE = TopNewsTests/Info.plist;
				LD_RUNPATH_SEARCH_PATHS = (
					"$(inherited)",
					"@executable_path/Frameworks",
					"@loader_path/Frameworks",
				);
				PRODUCT_BUNDLE_IDENTIFIER = ru.onie.TopNewsTests;
				PRODUCT_NAME = "$(TARGET_NAME)";
				SWIFT_VERSION = 5.0;
				TARGETED_DEVICE_FAMILY = "1,2";
				TEST_HOST = "$(BUILT_PRODUCTS_DIR)/TopNews.app/TopNews";
			};
			name = Release;
		};
/* End XCBuildConfiguration section */

/* Begin XCConfigurationList section */
		09B070FF23941669000E80E7 /* Build configuration list for PBXProject "TopNews" */ = {
			isa = XCConfigurationList;
			buildConfigurations = (
				09B071222394166A000E80E7 /* Debug */,
				09B071232394166A000E80E7 /* Release */,
			);
			defaultConfigurationIsVisible = 0;
			defaultConfigurationName = Release;
		};
		09B071242394166A000E80E7 /* Build configuration list for PBXNativeTarget "TopNews" */ = {
			isa = XCConfigurationList;
			buildConfigurations = (
				09B071252394166A000E80E7 /* Debug */,
				09B071262394166A000E80E7 /* Release */,
			);
			defaultConfigurationIsVisible = 0;
			defaultConfigurationName = Release;
		};
		09B071272394166A000E80E7 /* Build configuration list for PBXNativeTarget "TopNewsTests" */ = {
			isa = XCConfigurationList;
			buildConfigurations = (
				09B071282394166A000E80E7 /* Debug */,
				09B071292394166A000E80E7 /* Release */,
			);
			defaultConfigurationIsVisible = 0;
			defaultConfigurationName = Release;
		};
/* End XCConfigurationList section */

/* Begin XCVersionGroup section */
		09B0710E23941669000E80E7 /* Model.xcdatamodeld */ = {
			isa = XCVersionGroup;
			children = (
				09B0710F23941669000E80E7 /* TopNews.xcdatamodel */,
			);
			currentVersion = 09B0710F23941669000E80E7 /* TopNews.xcdatamodel */;
			path = Model.xcdatamodeld;
			sourceTree = "<group>";
			versionGroupType = wrapper.xcdatamodel;
		};
/* End XCVersionGroup section */
	};
	rootObject = 09B070FC23941669000E80E7 /* Project object */;
}
